<?xml version="1.0" encoding="utf-8"?>
<Project ToolsVersion="4.0" xmlns="http://schemas.microsoft.com/developer/msbuild/2003">
  <ItemGroup>
    <Filter Include="源文件">
      <UniqueIdentifier>{4FC737F1-C7A5-4376-A066-2A32D752A2FF}</UniqueIdentifier>
      <Extensions>cpp;c;cc;cxx;def;odl;idl;hpj;bat;asm;asmx</Extensions>
    </Filter>
    <Filter Include="头文件">
      <UniqueIdentifier>{93995380-89BD-4b04-88EB-625FBE52EBFB}</UniqueIdentifier>
      <Extensions>h;hh;hpp;hxx;hm;inl;inc;xsd</Extensions>
    </Filter>
    <Filter Include="资源文件">
      <UniqueIdentifier>{67DA6AB6-F800-4c08-8B7A-83BB121AAD01}</UniqueIdentifier>
      <Extensions>rc;ico;cur;bmp;dlg;rc2;rct;bin;rgs;gif;jpg;jpeg;jpe;resx;tiff;tif;png;wav;mfcribbon-ms</Extensions>
    </Filter>
  </ItemGroup>
  <ItemGroup>
    <Text Include="ReadMe.txt" />
  </ItemGroup>
  <ItemGroup>
    <ClCompile Include="..\..\base\fast.cc">
      <Filter>源文件</Filter>
    </ClCompile>
    <ClCompile Include="..\..\base\flag.cc">
      <Filter>源文件</Filter>
    </ClCompile>
    <ClCompile Include="..\..\base\log.cc">
      <Filter>源文件</Filter>
    </ClCompile>
    <ClCompile Include="..\..\base\path.cc">
      <Filter>源文件</Filter>
    </ClCompile>
    <ClCompile Include="..\..\base\unitest.cc">
      <Filter>源文件</Filter>
    </ClCompile>
    <ClCompile Include="..\..\base\json.cc">
      <Filter>源文件</Filter>
    </ClCompile>
    <ClCompile Include="..\..\base\hash\base64.cc">
      <Filter>源文件</Filter>
    </ClCompile>
    <ClCompile Include="..\..\base\hash\crc16.cc">
      <Filter>源文件</Filter>
    </ClCompile>
    <ClCompile Include="..\..\base\hash\md5.cc">
      <Filter>源文件</Filter>
    </ClCompile>
    <ClCompile Include="..\..\base\hash\murmur_hash.cc">
      <Filter>源文件</Filter>
    </ClCompile>
    <ClCompile Include="..\..\base\fastring.cc">
      <Filter>源文件</Filter>
    </ClCompile>
    <ClCompile Include="..\..\base\rpc.cc">
      <Filter>源文件</Filter>
    </ClCompile>
    <ClCompile Include="..\..\base\co\impl\epoll.cc">
      <Filter>源文件</Filter>
    </ClCompile>
    <ClCompile Include="..\..\base\co\impl\scheduler.cc">
      <Filter>源文件</Filter>
    </ClCompile>
    <ClCompile Include="..\..\base\co\impl\co.cc">
      <Filter>源文件</Filter>
    </ClCompile>
    <ClCompile Include="..\..\base\str.cc">
      <Filter>源文件</Filter>
    </ClCompile>
    <ClCompile Include="..\..\base\win\fs.cpp">
      <Filter>源文件</Filter>
    </ClCompile>
    <ClCompile Include="..\..\base\win\os.cpp">
      <Filter>源文件</Filter>
    </ClCompile>
    <ClCompile Include="..\..\base\win\time.cpp">
      <Filter>源文件</Filter>
    </ClCompile>
    <ClCompile Include="..\..\base\thread.cc">
      <Filter>源文件</Filter>
    </ClCompile>
    <ClCompile Include="..\..\base\stack_trace\stack_trace_win.cpp">
      <Filter>源文件</Filter>
    </ClCompile>
    <ClCompile Include="..\..\base\stack_trace\StackWalker.cpp">
      <Filter>源文件</Filter>
    </ClCompile>
    <ClCompile Include="..\..\base\co\impl\sock.cpp">
      <Filter>源文件</Filter>
    </ClCompile>
  </ItemGroup>
  <ItemGroup>
    <MASM Include="..\..\base\co\context\context_x64.asm">
      <Filter>源文件</Filter>
    </MASM>
  </ItemGroup>
</Project>