Microsoft Visual Studio Solution File, Format Version 12.00
# Visual Studio Version 16
VisualStudioVersion = 16.0.30225.117
MinimumVisualStudioVersion = 10.0.40219.1
Project("{8BC9CEB8-8B4A-11D0-8D11-00A0C91BC942}") = "log", "log\log.vcxproj", "{7CE55420-08C6-41F3-8D3B-699608B97C93}"
	ProjectSection(ProjectDependencies) = postProject
		{96C28471-555C-4095-B2D4-6890517C12EE} = {96C28471-555C-4095-B2D4-6890517C12EE}
	EndProjectSection
EndProject
Project("{8BC9CEB8-8B4A-11D0-8D11-00A0C91BC942}") = "hash", "hash\hash.vcxproj", "{7CDF531D-1E14-45F5-BD06-C31E2C210E69}"
	ProjectSection(ProjectDependencies) = postProject
		{96C28471-555C-4095-B2D4-6890517C12EE} = {96C28471-555C-4095-B2D4-6890517C12EE}
	EndProjectSection
EndProject
Project("{8BC9CEB8-8B4A-11D0-8D11-00A0C91BC942}") = "rapidjson", "rapidjson\rapidjson.vcxproj", "{F60860D2-F52A-4BDC-86B0-A397172D3CC7}"
	ProjectSection(ProjectDependencies) = postProject
		{96C28471-555C-4095-B2D4-6890517C12EE} = {96C28471-555C-4095-B2D4-6890517C12EE}
	EndProjectSection
EndProject
Project("{8BC9CEB8-8B4A-11D0-8D11-00A0C91BC942}") = "tw", "tw\tw.vcxproj", "{9DBE33CC-9C84-415D-96AF-3563636891C7}"
	ProjectSection(ProjectDependencies) = postProject
		{96C28471-555C-4095-B2D4-6890517C12EE} = {96C28471-555C-4095-B2D4-6890517C12EE}
	EndProjectSection
EndProject
Project("{8BC9CEB8-8B4A-11D0-8D11-00A0C91BC942}") = "time", "time\time.vcxproj", "{8A0AB69F-849D-4DBD-BE3F-D9E647A5417A}"
	ProjectSection(ProjectDependencies) = postProject
		{96C28471-555C-4095-B2D4-6890517C12EE} = {96C28471-555C-4095-B2D4-6890517C12EE}
	EndProjectSection
EndProject
Project("{8BC9CEB8-8B4A-11D0-8D11-00A0C91BC942}") = "flag", "flag\flag.vcxproj", "{EA49AE64-A61D-4C1D-BF8A-52224D5C419A}"
	ProjectSection(ProjectDependencies) = postProject
		{96C28471-555C-4095-B2D4-6890517C12EE} = {96C28471-555C-4095-B2D4-6890517C12EE}
	EndProjectSection
EndProject
Project("{8BC9CEB8-8B4A-11D0-8D11-00A0C91BC942}") = "xx", "xx\xx.vcxproj", "{D31F653F-C216-4F45-BD28-E760A2F0989A}"
	ProjectSection(ProjectDependencies) = postProject
		{96C28471-555C-4095-B2D4-6890517C12EE} = {96C28471-555C-4095-B2D4-6890517C12EE}
	EndProjectSection
EndProject
Project("{8BC9CEB8-8B4A-11D0-8D11-00A0C91BC942}") = "rpc", "rpc\rpc.vcxproj", "{CC732E26-7E1F-4778-B017-98E286F8E317}"
	ProjectSection(ProjectDependencies) = postProject
		{96C28471-555C-4095-B2D4-6890517C12EE} = {96C28471-555C-4095-B2D4-6890517C12EE}
	EndProjectSection
EndProject
Project("{8BC9CEB8-8B4A-11D0-8D11-00A0C91BC942}") = "co", "co\co.vcxproj", "{2C50D6A1-10D9-427B-9807-35AD79CD9117}"
	ProjectSection(ProjectDependencies) = postProject
		{96C28471-555C-4095-B2D4-6890517C12EE} = {96C28471-555C-4095-B2D4-6890517C12EE}
	EndProjectSection
EndProject
Project("{8BC9CEB8-8B4A-11D0-8D11-00A0C91BC942}") = "task_sched", "task_sched\task_sched.vcxproj", "{5A96A56C-B304-4E86-9A99-A9D5F4650EA7}"
	ProjectSection(ProjectDependencies) = postProject
		{96C28471-555C-4095-B2D4-6890517C12EE} = {96C28471-555C-4095-B2D4-6890517C12EE}
	EndProjectSection
EndProject
Project("{8BC9CEB8-8B4A-11D0-8D11-00A0C91BC942}") = "str", "str\str.vcxproj", "{CD0E023E-067D-4AA7-AE88-FC686252ECB3}"
	ProjectSection(ProjectDependencies) = postProject
		{96C28471-555C-4095-B2D4-6890517C12EE} = {96C28471-555C-4095-B2D4-6890517C12EE}
	EndProjectSection
EndProject
Project("{8BC9CEB8-8B4A-11D0-8D11-00A0C91BC942}") = "stack", "stack\stack.vcxproj", "{26493DA2-9C6E-43C4-B603-062FD8DF6535}"
	ProjectSection(ProjectDependencies) = postProject
		{96C28471-555C-4095-B2D4-6890517C12EE} = {96C28471-555C-4095-B2D4-6890517C12EE}
	EndProjectSection
EndProject
Project("{8BC9CEB8-8B4A-11D0-8D11-00A0C91BC942}") = "pingpong", "pingpong\pingpong.vcxproj", "{85510E85-BBF4-4291-80E8-35F446C9FB29}"
	ProjectSection(ProjectDependencies) = postProject
		{96C28471-555C-4095-B2D4-6890517C12EE} = {96C28471-555C-4095-B2D4-6890517C12EE}
	EndProjectSection
EndProject
Project("{8BC9CEB8-8B4A-11D0-8D11-00A0C91BC942}") = "unitest", "unitest\unitest.vcxproj", "{C6A6D531-41C6-4269-9AF0-1D80E9ADFD03}"
	ProjectSection(ProjectDependencies) = postProject
		{96C28471-555C-4095-B2D4-6890517C12EE} = {96C28471-555C-4095-B2D4-6890517C12EE}
	EndProjectSection
EndProject
Project("{8BC9CEB8-8B4A-11D0-8D11-00A0C91BC942}") = "json", "json\json.vcxproj", "{CEC57F99-2D6A-46C1-B157-C1204C57B060}"
	ProjectSection(ProjectDependencies) = postProject
		{96C28471-555C-4095-B2D4-6890517C12EE} = {96C28471-555C-4095-B2D4-6890517C12EE}
	EndProjectSection
EndProject
Project("{8BC9CEB8-8B4A-11D0-8D11-00A0C91BC942}") = "fast", "fast\fast.vcxproj", "{B65A1BF7-4ADC-420B-89B2-443C60F05F52}"
	ProjectSection(ProjectDependencies) = postProject
		{96C28471-555C-4095-B2D4-6890517C12EE} = {96C28471-555C-4095-B2D4-6890517C12EE}
	EndProjectSection
EndProject
Project("{8BC9CEB8-8B4A-11D0-8D11-00A0C91BC942}") = "easy", "easy\easy.vcxproj", "{F4BAD167-E85B-412D-8D56-C9E1ABB23905}"
	ProjectSection(ProjectDependencies) = postProject
		{96C28471-555C-4095-B2D4-6890517C12EE} = {96C28471-555C-4095-B2D4-6890517C12EE}
	EndProjectSection
EndProject
Project("{8BC9CEB8-8B4A-11D0-8D11-00A0C91BC942}") = "udp", "udp\udp.vcxproj", "{9F7BAEDA-5595-49B0-B313-D1DB0CFA131E}"
	ProjectSection(ProjectDependencies) = postProject
		{96C28471-555C-4095-B2D4-6890517C12EE} = {96C28471-555C-4095-B2D4-6890517C12EE}
	EndProjectSection
EndProject
Project("{8BC9CEB8-8B4A-11D0-8D11-00A0C91BC942}") = "gen", "gen\gen.vcxproj", "{B9B95080-9211-463B-A9EE-0EC8DDDA4FBB}"
	ProjectSection(ProjectDependencies) = postProject
		{96C28471-555C-4095-B2D4-6890517C12EE} = {96C28471-555C-4095-B2D4-6890517C12EE}
	EndProjectSection
EndProject
Project("{8BC9CEB8-8B4A-11D0-8D11-00A0C91BC942}") = "libco", "libco\libco.vcxproj", "{96C28471-555C-4095-B2D4-6890517C12EE}"
EndProject
Project("{8BC9CEB8-8B4A-11D0-8D11-00A0C91BC942}") = "http_serv", "http_serv\http_serv.vcxproj", "{E8A1BEFF-ED90-40B0-BA41-A0F9853359FC}"
	ProjectSection(ProjectDependencies) = postProject
		{96C28471-555C-4095-B2D4-6890517C12EE} = {96C28471-555C-4095-B2D4-6890517C12EE}
	EndProjectSection
EndProject
Project("{8BC9CEB8-8B4A-11D0-8D11-00A0C91BC942}") = "tcp", "tcp\tcp.vcxproj", "{6CF4E2EC-DF13-46E1-9DF7-998E2E9D3AB4}"
	ProjectSection(ProjectDependencies) = postProject
		{96C28471-555C-4095-B2D4-6890517C12EE} = {96C28471-555C-4095-B2D4-6890517C12EE}
	EndProjectSection
EndProject
Project("{8BC9CEB8-8B4A-11D0-8D11-00A0C91BC942}") = "http_cli", "http_cli\http_cli.vcxproj", "{D2E4BFCC-377B-4626-9E69-54E583DC4F5E}"
	ProjectSection(ProjectDependencies) = postProject
		{96C28471-555C-4095-B2D4-6890517C12EE} = {96C28471-555C-4095-B2D4-6890517C12EE}
	EndProjectSection
EndProject
Global
	GlobalSection(SolutionConfigurationPlatforms) = preSolution
		debug|x64 = debug|x64
		debug|x86 = debug|x86
		release|x64 = release|x64
		release|x86 = release|x86
	EndGlobalSection
	GlobalSection(ProjectConfigurationPlatforms) = postSolution
		{7CE55420-08C6-41F3-8D3B-699608B97C93}.debug|x64.ActiveCfg = debug|x64
		{7CE55420-08C6-41F3-8D3B-699608B97C93}.debug|x64.Build.0 = debug|x64
		{7CE55420-08C6-41F3-8D3B-699608B97C93}.debug|x86.ActiveCfg = debug|Win32
		{7CE55420-08C6-41F3-8D3B-699608B97C93}.debug|x86.Build.0 = debug|Win32
		{7CE55420-08C6-41F3-8D3B-699608B97C93}.release|x64.ActiveCfg = release|x64
		{7CE55420-08C6-41F3-8D3B-699608B97C93}.release|x64.Build.0 = release|x64
		{7CE55420-08C6-41F3-8D3B-699608B97C93}.release|x86.ActiveCfg = release|Win32
		{7CE55420-08C6-41F3-8D3B-699608B97C93}.release|x86.Build.0 = release|Win32
		{7CDF531D-1E14-45F5-BD06-C31E2C210E69}.debug|x64.ActiveCfg = debug|x64
		{7CDF531D-1E14-45F5-BD06-C31E2C210E69}.debug|x64.Build.0 = debug|x64
		{7CDF531D-1E14-45F5-BD06-C31E2C210E69}.debug|x86.ActiveCfg = debug|Win32
		{7CDF531D-1E14-45F5-BD06-C31E2C210E69}.debug|x86.Build.0 = debug|Win32
		{7CDF531D-1E14-45F5-BD06-C31E2C210E69}.release|x64.ActiveCfg = release|x64
		{7CDF531D-1E14-45F5-BD06-C31E2C210E69}.release|x64.Build.0 = release|x64
		{7CDF531D-1E14-45F5-BD06-C31E2C210E69}.release|x86.ActiveCfg = release|Win32
		{7CDF531D-1E14-45F5-BD06-C31E2C210E69}.release|x86.Build.0 = release|Win32
		{F60860D2-F52A-4BDC-86B0-A397172D3CC7}.debug|x64.ActiveCfg = debug|x64
		{F60860D2-F52A-4BDC-86B0-A397172D3CC7}.debug|x64.Build.0 = debug|x64
		{F60860D2-F52A-4BDC-86B0-A397172D3CC7}.debug|x86.ActiveCfg = debug|Win32
		{F60860D2-F52A-4BDC-86B0-A397172D3CC7}.debug|x86.Build.0 = debug|Win32
		{F60860D2-F52A-4BDC-86B0-A397172D3CC7}.release|x64.ActiveCfg = release|x64
		{F60860D2-F52A-4BDC-86B0-A397172D3CC7}.release|x64.Build.0 = release|x64
		{F60860D2-F52A-4BDC-86B0-A397172D3CC7}.release|x86.ActiveCfg = release|Win32
		{F60860D2-F52A-4BDC-86B0-A397172D3CC7}.release|x86.Build.0 = release|Win32
		{9DBE33CC-9C84-415D-96AF-3563636891C7}.debug|x64.ActiveCfg = debug|x64
		{9DBE33CC-9C84-415D-96AF-3563636891C7}.debug|x64.Build.0 = debug|x64
		{9DBE33CC-9C84-415D-96AF-3563636891C7}.debug|x86.ActiveCfg = debug|Win32
		{9DBE33CC-9C84-415D-96AF-3563636891C7}.debug|x86.Build.0 = debug|Win32
		{9DBE33CC-9C84-415D-96AF-3563636891C7}.release|x64.ActiveCfg = release|x64
		{9DBE33CC-9C84-415D-96AF-3563636891C7}.release|x64.Build.0 = release|x64
		{9DBE33CC-9C84-415D-96AF-3563636891C7}.release|x86.ActiveCfg = release|Win32
		{9DBE33CC-9C84-415D-96AF-3563636891C7}.release|x86.Build.0 = release|Win32
		{8A0AB69F-849D-4DBD-BE3F-D9E647A5417A}.debug|x64.ActiveCfg = debug|x64
		{8A0AB69F-849D-4DBD-BE3F-D9E647A5417A}.debug|x64.Build.0 = debug|x64
		{8A0AB69F-849D-4DBD-BE3F-D9E647A5417A}.debug|x86.ActiveCfg = debug|Win32
		{8A0AB69F-849D-4DBD-BE3F-D9E647A5417A}.debug|x86.Build.0 = debug|Win32
		{8A0AB69F-849D-4DBD-BE3F-D9E647A5417A}.release|x64.ActiveCfg = release|x64
		{8A0AB69F-849D-4DBD-BE3F-D9E647A5417A}.release|x64.Build.0 = release|x64
		{8A0AB69F-849D-4DBD-BE3F-D9E647A5417A}.release|x86.ActiveCfg = release|Win32
		{8A0AB69F-849D-4DBD-BE3F-D9E647A5417A}.release|x86.Build.0 = release|Win32
		{EA49AE64-A61D-4C1D-BF8A-52224D5C419A}.debug|x64.ActiveCfg = debug|x64
		{EA49AE64-A61D-4C1D-BF8A-52224D5C419A}.debug|x64.Build.0 = debug|x64
		{EA49AE64-A61D-4C1D-BF8A-52224D5C419A}.debug|x86.ActiveCfg = debug|Win32
		{EA49AE64-A61D-4C1D-BF8A-52224D5C419A}.debug|x86.Build.0 = debug|Win32
		{EA49AE64-A61D-4C1D-BF8A-52224D5C419A}.release|x64.ActiveCfg = release|x64
		{EA49AE64-A61D-4C1D-BF8A-52224D5C419A}.release|x64.Build.0 = release|x64
		{EA49AE64-A61D-4C1D-BF8A-52224D5C419A}.release|x86.ActiveCfg = release|Win32
		{EA49AE64-A61D-4C1D-BF8A-52224D5C419A}.release|x86.Build.0 = release|Win32
		{D31F653F-C216-4F45-BD28-E760A2F0989A}.debug|x64.ActiveCfg = debug|x64
		{D31F653F-C216-4F45-BD28-E760A2F0989A}.debug|x64.Build.0 = debug|x64
		{D31F653F-C216-4F45-BD28-E760A2F0989A}.debug|x86.ActiveCfg = debug|Win32
		{D31F653F-C216-4F45-BD28-E760A2F0989A}.debug|x86.Build.0 = debug|Win32
		{D31F653F-C216-4F45-BD28-E760A2F0989A}.release|x64.ActiveCfg = release|x64
		{D31F653F-C216-4F45-BD28-E760A2F0989A}.release|x64.Build.0 = release|x64
		{D31F653F-C216-4F45-BD28-E760A2F0989A}.release|x86.ActiveCfg = release|Win32
		{D31F653F-C216-4F45-BD28-E760A2F0989A}.release|x86.Build.0 = release|Win32
		{CC732E26-7E1F-4778-B017-98E286F8E317}.debug|x64.ActiveCfg = debug|x64
		{CC732E26-7E1F-4778-B017-98E286F8E317}.debug|x64.Build.0 = debug|x64
		{CC732E26-7E1F-4778-B017-98E286F8E317}.debug|x86.ActiveCfg = debug|Win32
		{CC732E26-7E1F-4778-B017-98E286F8E317}.debug|x86.Build.0 = debug|Win32
		{CC732E26-7E1F-4778-B017-98E286F8E317}.release|x64.ActiveCfg = release|x64
		{CC732E26-7E1F-4778-B017-98E286F8E317}.release|x64.Build.0 = release|x64
		{CC732E26-7E1F-4778-B017-98E286F8E317}.release|x86.ActiveCfg = release|Win32
		{CC732E26-7E1F-4778-B017-98E286F8E317}.release|x86.Build.0 = release|Win32
		{2C50D6A1-10D9-427B-9807-35AD79CD9117}.debug|x64.ActiveCfg = debug|x64
		{2C50D6A1-10D9-427B-9807-35AD79CD9117}.debug|x64.Build.0 = debug|x64
		{2C50D6A1-10D9-427B-9807-35AD79CD9117}.debug|x86.ActiveCfg = debug|Win32
		{2C50D6A1-10D9-427B-9807-35AD79CD9117}.debug|x86.Build.0 = debug|Win32
		{2C50D6A1-10D9-427B-9807-35AD79CD9117}.release|x64.ActiveCfg = release|x64
		{2C50D6A1-10D9-427B-9807-35AD79CD9117}.release|x64.Build.0 = release|x64
		{2C50D6A1-10D9-427B-9807-35AD79CD9117}.release|x86.ActiveCfg = release|Win32
		{2C50D6A1-10D9-427B-9807-35AD79CD9117}.release|x86.Build.0 = release|Win32
		{5A96A56C-B304-4E86-9A99-A9D5F4650EA7}.debug|x64.ActiveCfg = debug|x64
		{5A96A56C-B304-4E86-9A99-A9D5F4650EA7}.debug|x64.Build.0 = debug|x64
		{5A96A56C-B304-4E86-9A99-A9D5F4650EA7}.debug|x86.ActiveCfg = debug|Win32
		{5A96A56C-B304-4E86-9A99-A9D5F4650EA7}.debug|x86.Build.0 = debug|Win32
		{5A96A56C-B304-4E86-9A99-A9D5F4650EA7}.release|x64.ActiveCfg = release|x64
		{5A96A56C-B304-4E86-9A99-A9D5F4650EA7}.release|x64.Build.0 = release|x64
		{5A96A56C-B304-4E86-9A99-A9D5F4650EA7}.release|x86.ActiveCfg = release|Win32
		{5A96A56C-B304-4E86-9A99-A9D5F4650EA7}.release|x86.Build.0 = release|Win32
		{CD0E023E-067D-4AA7-AE88-FC686252ECB3}.debug|x64.ActiveCfg = debug|x64
		{CD0E023E-067D-4AA7-AE88-FC686252ECB3}.debug|x64.Build.0 = debug|x64
		{CD0E023E-067D-4AA7-AE88-FC686252ECB3}.debug|x86.ActiveCfg = debug|Win32
		{CD0E023E-067D-4AA7-AE88-FC686252ECB3}.debug|x86.Build.0 = debug|Win32
		{CD0E023E-067D-4AA7-AE88-FC686252ECB3}.release|x64.ActiveCfg = release|x64
		{CD0E023E-067D-4AA7-AE88-FC686252ECB3}.release|x64.Build.0 = release|x64
		{CD0E023E-067D-4AA7-AE88-FC686252ECB3}.release|x86.ActiveCfg = release|Win32
		{CD0E023E-067D-4AA7-AE88-FC686252ECB3}.release|x86.Build.0 = release|Win32
		{26493DA2-9C6E-43C4-B603-062FD8DF6535}.debug|x64.ActiveCfg = debug|x64
		{26493DA2-9C6E-43C4-B603-062FD8DF6535}.debug|x64.Build.0 = debug|x64
		{26493DA2-9C6E-43C4-B603-062FD8DF6535}.debug|x86.ActiveCfg = debug|Win32
		{26493DA2-9C6E-43C4-B603-062FD8DF6535}.debug|x86.Build.0 = debug|Win32
		{26493DA2-9C6E-43C4-B603-062FD8DF6535}.release|x64.ActiveCfg = release|x64
		{26493DA2-9C6E-43C4-B603-062FD8DF6535}.release|x64.Build.0 = release|x64
		{26493DA2-9C6E-43C4-B603-062FD8DF6535}.release|x86.ActiveCfg = release|Win32
		{26493DA2-9C6E-43C4-B603-062FD8DF6535}.release|x86.Build.0 = release|Win32
		{85510E85-BBF4-4291-80E8-35F446C9FB29}.debug|x64.ActiveCfg = debug|x64
		{85510E85-BBF4-4291-80E8-35F446C9FB29}.debug|x64.Build.0 = debug|x64
		{85510E85-BBF4-4291-80E8-35F446C9FB29}.debug|x86.ActiveCfg = debug|Win32
		{85510E85-BBF4-4291-80E8-35F446C9FB29}.debug|x86.Build.0 = debug|Win32
		{85510E85-BBF4-4291-80E8-35F446C9FB29}.release|x64.ActiveCfg = release|x64
		{85510E85-BBF4-4291-80E8-35F446C9FB29}.release|x64.Build.0 = release|x64
		{85510E85-BBF4-4291-80E8-35F446C9FB29}.release|x86.ActiveCfg = release|Win32
		{85510E85-BBF4-4291-80E8-35F446C9FB29}.release|x86.Build.0 = release|Win32
		{C6A6D531-41C6-4269-9AF0-1D80E9ADFD03}.debug|x64.ActiveCfg = debug|x64
		{C6A6D531-41C6-4269-9AF0-1D80E9ADFD03}.debug|x64.Build.0 = debug|x64
		{C6A6D531-41C6-4269-9AF0-1D80E9ADFD03}.debug|x86.ActiveCfg = debug|Win32
		{C6A6D531-41C6-4269-9AF0-1D80E9ADFD03}.debug|x86.Build.0 = debug|Win32
		{C6A6D531-41C6-4269-9AF0-1D80E9ADFD03}.release|x64.ActiveCfg = release|x64
		{C6A6D531-41C6-4269-9AF0-1D80E9ADFD03}.release|x64.Build.0 = release|x64
		{C6A6D531-41C6-4269-9AF0-1D80E9ADFD03}.release|x86.ActiveCfg = release|Win32
		{C6A6D531-41C6-4269-9AF0-1D80E9ADFD03}.release|x86.Build.0 = release|Win32
		{CEC57F99-2D6A-46C1-B157-C1204C57B060}.debug|x64.ActiveCfg = debug|x64
		{CEC57F99-2D6A-46C1-B157-C1204C57B060}.debug|x64.Build.0 = debug|x64
		{CEC57F99-2D6A-46C1-B157-C1204C57B060}.debug|x86.ActiveCfg = debug|Win32
		{CEC57F99-2D6A-46C1-B157-C1204C57B060}.debug|x86.Build.0 = debug|Win32
		{CEC57F99-2D6A-46C1-B157-C1204C57B060}.release|x64.ActiveCfg = release|x64
		{CEC57F99-2D6A-46C1-B157-C1204C57B060}.release|x64.Build.0 = release|x64
		{CEC57F99-2D6A-46C1-B157-C1204C57B060}.release|x86.ActiveCfg = release|Win32
		{CEC57F99-2D6A-46C1-B157-C1204C57B060}.release|x86.Build.0 = release|Win32
		{B65A1BF7-4ADC-420B-89B2-443C60F05F52}.debug|x64.ActiveCfg = debug|x64
		{B65A1BF7-4ADC-420B-89B2-443C60F05F52}.debug|x64.Build.0 = debug|x64
		{B65A1BF7-4ADC-420B-89B2-443C60F05F52}.debug|x86.ActiveCfg = debug|Win32
		{B65A1BF7-4ADC-420B-89B2-443C60F05F52}.debug|x86.Build.0 = debug|Win32
		{B65A1BF7-4ADC-420B-89B2-443C60F05F52}.release|x64.ActiveCfg = release|x64
		{B65A1BF7-4ADC-420B-89B2-443C60F05F52}.release|x64.Build.0 = release|x64
		{B65A1BF7-4ADC-420B-89B2-443C60F05F52}.release|x86.ActiveCfg = release|Win32
		{B65A1BF7-4ADC-420B-89B2-443C60F05F52}.release|x86.Build.0 = release|Win32
		{F4BAD167-E85B-412D-8D56-C9E1ABB23905}.debug|x64.ActiveCfg = debug|x64
		{F4BAD167-E85B-412D-8D56-C9E1ABB23905}.debug|x64.Build.0 = debug|x64
		{F4BAD167-E85B-412D-8D56-C9E1ABB23905}.debug|x86.ActiveCfg = debug|Win32
		{F4BAD167-E85B-412D-8D56-C9E1ABB23905}.debug|x86.Build.0 = debug|Win32
		{F4BAD167-E85B-412D-8D56-C9E1ABB23905}.release|x64.ActiveCfg = release|x64
		{F4BAD167-E85B-412D-8D56-C9E1ABB23905}.release|x64.Build.0 = release|x64
		{F4BAD167-E85B-412D-8D56-C9E1ABB23905}.release|x86.ActiveCfg = release|Win32
		{F4BAD167-E85B-412D-8D56-C9E1ABB23905}.release|x86.Build.0 = release|Win32
		{9F7BAEDA-5595-49B0-B313-D1DB0CFA131E}.debug|x64.ActiveCfg = debug|x64
		{9F7BAEDA-5595-49B0-B313-D1DB0CFA131E}.debug|x64.Build.0 = debug|x64
		{9F7BAEDA-5595-49B0-B313-D1DB0CFA131E}.debug|x86.ActiveCfg = debug|Win32
		{9F7BAEDA-5595-49B0-B313-D1DB0CFA131E}.debug|x86.Build.0 = debug|Win32
		{9F7BAEDA-5595-49B0-B313-D1DB0CFA131E}.release|x64.ActiveCfg = release|x64
		{9F7BAEDA-5595-49B0-B313-D1DB0CFA131E}.release|x64.Build.0 = release|x64
		{9F7BAEDA-5595-49B0-B313-D1DB0CFA131E}.release|x86.ActiveCfg = release|Win32
		{9F7BAEDA-5595-49B0-B313-D1DB0CFA131E}.release|x86.Build.0 = release|Win32
		{B9B95080-9211-463B-A9EE-0EC8DDDA4FBB}.debug|x64.ActiveCfg = debug|x64
		{B9B95080-9211-463B-A9EE-0EC8DDDA4FBB}.debug|x64.Build.0 = debug|x64
		{B9B95080-9211-463B-A9EE-0EC8DDDA4FBB}.debug|x86.ActiveCfg = debug|Win32
		{B9B95080-9211-463B-A9EE-0EC8DDDA4FBB}.debug|x86.Build.0 = debug|Win32
		{B9B95080-9211-463B-A9EE-0EC8DDDA4FBB}.release|x64.ActiveCfg = release|x64
		{B9B95080-9211-463B-A9EE-0EC8DDDA4FBB}.release|x64.Build.0 = release|x64
		{B9B95080-9211-463B-A9EE-0EC8DDDA4FBB}.release|x86.ActiveCfg = release|Win32
		{B9B95080-9211-463B-A9EE-0EC8DDDA4FBB}.release|x86.Build.0 = release|Win32
		{96C28471-555C-4095-B2D4-6890517C12EE}.debug|x64.ActiveCfg = debug|x64
		{96C28471-555C-4095-B2D4-6890517C12EE}.debug|x64.Build.0 = debug|x64
		{96C28471-555C-4095-B2D4-6890517C12EE}.debug|x86.ActiveCfg = debug|Win32
		{96C28471-555C-4095-B2D4-6890517C12EE}.debug|x86.Build.0 = debug|Win32
		{96C28471-555C-4095-B2D4-6890517C12EE}.release|x64.ActiveCfg = release|x64
		{96C28471-555C-4095-B2D4-6890517C12EE}.release|x64.Build.0 = release|x64
		{96C28471-555C-4095-B2D4-6890517C12EE}.release|x86.ActiveCfg = release|Win32
		{96C28471-555C-4095-B2D4-6890517C12EE}.release|x86.Build.0 = release|Win32
		{E8A1BEFF-ED90-40B0-BA41-A0F9853359FC}.debug|x64.ActiveCfg = debug|x64
		{E8A1BEFF-ED90-40B0-BA41-A0F9853359FC}.debug|x64.Build.0 = debug|x64
		{E8A1BEFF-ED90-40B0-BA41-A0F9853359FC}.debug|x86.ActiveCfg = debug|Win32
		{E8A1BEFF-ED90-40B0-BA41-A0F9853359FC}.debug|x86.Build.0 = debug|Win32
		{E8A1BEFF-ED90-40B0-BA41-A0F9853359FC}.release|x64.ActiveCfg = release|x64
		{E8A1BEFF-ED90-40B0-BA41-A0F9853359FC}.release|x64.Build.0 = release|x64
		{E8A1BEFF-ED90-40B0-BA41-A0F9853359FC}.release|x86.ActiveCfg = release|Win32
		{E8A1BEFF-ED90-40B0-BA41-A0F9853359FC}.release|x86.Build.0 = release|Win32
		{6CF4E2EC-DF13-46E1-9DF7-998E2E9D3AB4}.debug|x64.ActiveCfg = debug|x64
		{6CF4E2EC-DF13-46E1-9DF7-998E2E9D3AB4}.debug|x64.Build.0 = debug|x64
		{6CF4E2EC-DF13-46E1-9DF7-998E2E9D3AB4}.debug|x86.ActiveCfg = debug|Win32
		{6CF4E2EC-DF13-46E1-9DF7-998E2E9D3AB4}.debug|x86.Build.0 = debug|Win32
		{6CF4E2EC-DF13-46E1-9DF7-998E2E9D3AB4}.release|x64.ActiveCfg = release|x64
		{6CF4E2EC-DF13-46E1-9DF7-998E2E9D3AB4}.release|x64.Build.0 = release|x64
		{6CF4E2EC-DF13-46E1-9DF7-998E2E9D3AB4}.release|x86.ActiveCfg = release|Win32
		{6CF4E2EC-DF13-46E1-9DF7-998E2E9D3AB4}.release|x86.Build.0 = release|Win32
		{D2E4BFCC-377B-4626-9E69-54E583DC4F5E}.debug|x64.ActiveCfg = debug|x64
		{D2E4BFCC-377B-4626-9E69-54E583DC4F5E}.debug|x64.Build.0 = debug|x64
		{D2E4BFCC-377B-4626-9E69-54E583DC4F5E}.debug|x86.ActiveCfg = debug|Win32
		{D2E4BFCC-377B-4626-9E69-54E583DC4F5E}.debug|x86.Build.0 = debug|Win32
		{D2E4BFCC-377B-4626-9E69-54E583DC4F5E}.release|x64.ActiveCfg = release|x64
		{D2E4BFCC-377B-4626-9E69-54E583DC4F5E}.release|x64.Build.0 = release|x64
		{D2E4BFCC-377B-4626-9E69-54E583DC4F5E}.release|x86.ActiveCfg = release|Win32
		{D2E4BFCC-377B-4626-9E69-54E583DC4F5E}.release|x86.Build.0 = release|Win32
	EndGlobalSection
	GlobalSection(SolutionProperties) = preSolution
		HideSolutionNode = FALSE
	EndGlobalSection
	GlobalSection(ExtensibilityGlobals) = postSolution
		SolutionGuid = {F7690E5D-2131-48C1-B4BD-FEDF074ADD12}
	EndGlobalSection
EndGlobal
