
Microsoft Visual Studio Solution File, Format Version 12.00
# Visual Studio 14
VisualStudioVersion = 14.0.23107.0
MinimumVisualStudioVersion = 10.0.40219.1
Project("{8BC9CEB8-8B4A-11D0-8D11-00A0C91BC942}") = "libbase", "libbase\libbase.vcxproj", "{354941D1-2F28-471D-8F35-5EEAE1F961F2}"
EndProject
Project("{8BC9CEB8-8B4A-11D0-8D11-00A0C91BC942}") = "unitest", "unitest\unitest.vcxproj", "{D37820EB-2CBC-43D6-A2E1-0A664FA7893D}"
EndProject
Project("{8BC9CEB8-8B4A-11D0-8D11-00A0C91BC942}") = "fast_test", "fast_test\fast_test.vcxproj", "{1BF8FFF1-EA87-445B-8CFD-43B02B4E54FC}"
EndProject
Project("{8BC9CEB8-8B4A-11D0-8D11-00A0C91BC942}") = "flag_test", "flag_test\flag_test.vcxproj", "{F50BB3D5-F30E-4E1A-A285-66152C9CEF4C}"
EndProject
Project("{8BC9CEB8-8B4A-11D0-8D11-00A0C91BC942}") = "log_test", "log_test\log_test.vcxproj", "{27503525-4FD9-48DD-9C88-9DE7B68B0C98}"
EndProject
Project("{8BC9CEB8-8B4A-11D0-8D11-00A0C91BC942}") = "time_test", "time_test\time_test.vcxproj", "{3A463F7E-FF1C-437C-A4B3-EDA0C30114A9}"
EndProject
Project("{8BC9CEB8-8B4A-11D0-8D11-00A0C91BC942}") = "xx_test", "xx_test\xx_test.vcxproj", "{68AD58BF-6014-40F2-B777-6191EEDE63C1}"
EndProject
Project("{8BC9CEB8-8B4A-11D0-8D11-00A0C91BC942}") = "json_test", "json_test\json_test.vcxproj", "{9F1BE6AF-5AA9-4786-9E9C-1BAAC180E4A3}"
EndProject
Project("{8BC9CEB8-8B4A-11D0-8D11-00A0C91BC942}") = "rapidjson_test", "rapidjson_test\rapidjson_test.vcxproj", "{4F18CE24-B413-4FF3-BFF7-553FAA2AEB70}"
EndProject
Project("{8BC9CEB8-8B4A-11D0-8D11-00A0C91BC942}") = "rpc_test", "rpc_test\rpc_test.vcxproj", "{EE9FC664-C039-4838-AFA3-D484B80339B3}"
EndProject
Project("{8BC9CEB8-8B4A-11D0-8D11-00A0C91BC942}") = "co_test", "co_test\co_test.vcxproj", "{F8C25972-0B16-4777-A8A6-5B0B9D58BB4F}"
EndProject
Project("{8BC9CEB8-8B4A-11D0-8D11-00A0C91BC942}") = "str_test", "str_test\str_test.vcxproj", "{B66CA3B7-E788-48B9-96BB-3AE04E2DFBD1}"
EndProject
Global
	GlobalSection(SolutionConfigurationPlatforms) = preSolution
		Debug|x64 = Debug|x64
		Debug|x86 = Debug|x86
		Release|x64 = Release|x64
		Release|x86 = Release|x86
	EndGlobalSection
	GlobalSection(ProjectConfigurationPlatforms) = postSolution
		{354941D1-2F28-471D-8F35-5EEAE1F961F2}.Debug|x64.ActiveCfg = Debug|x64
		{354941D1-2F28-471D-8F35-5EEAE1F961F2}.Debug|x64.Build.0 = Debug|x64
		{354941D1-2F28-471D-8F35-5EEAE1F961F2}.Debug|x86.ActiveCfg = Debug|Win32
		{354941D1-2F28-471D-8F35-5EEAE1F961F2}.Debug|x86.Build.0 = Debug|Win32
		{354941D1-2F28-471D-8F35-5EEAE1F961F2}.Release|x64.ActiveCfg = Release|x64
		{354941D1-2F28-471D-8F35-5EEAE1F961F2}.Release|x64.Build.0 = Release|x64
		{354941D1-2F28-471D-8F35-5EEAE1F961F2}.Release|x86.ActiveCfg = Release|Win32
		{354941D1-2F28-471D-8F35-5EEAE1F961F2}.Release|x86.Build.0 = Release|Win32
		{D37820EB-2CBC-43D6-A2E1-0A664FA7893D}.Debug|x64.ActiveCfg = Debug|x64
		{D37820EB-2CBC-43D6-A2E1-0A664FA7893D}.Debug|x64.Build.0 = Debug|x64
		{D37820EB-2CBC-43D6-A2E1-0A664FA7893D}.Debug|x86.ActiveCfg = Debug|Win32
		{D37820EB-2CBC-43D6-A2E1-0A664FA7893D}.Debug|x86.Build.0 = Debug|Win32
		{D37820EB-2CBC-43D6-A2E1-0A664FA7893D}.Release|x64.ActiveCfg = Release|x64
		{D37820EB-2CBC-43D6-A2E1-0A664FA7893D}.Release|x64.Build.0 = Release|x64
		{D37820EB-2CBC-43D6-A2E1-0A664FA7893D}.Release|x86.ActiveCfg = Release|Win32
		{D37820EB-2CBC-43D6-A2E1-0A664FA7893D}.Release|x86.Build.0 = Release|Win32
		{1BF8FFF1-EA87-445B-8CFD-43B02B4E54FC}.Debug|x64.ActiveCfg = Debug|x64
		{1BF8FFF1-EA87-445B-8CFD-43B02B4E54FC}.Debug|x64.Build.0 = Debug|x64
		{1BF8FFF1-EA87-445B-8CFD-43B02B4E54FC}.Debug|x86.ActiveCfg = Debug|Win32
		{1BF8FFF1-EA87-445B-8CFD-43B02B4E54FC}.Debug|x86.Build.0 = Debug|Win32
		{1BF8FFF1-EA87-445B-8CFD-43B02B4E54FC}.Release|x64.ActiveCfg = Release|x64
		{1BF8FFF1-EA87-445B-8CFD-43B02B4E54FC}.Release|x64.Build.0 = Release|x64
		{1BF8FFF1-EA87-445B-8CFD-43B02B4E54FC}.Release|x86.ActiveCfg = Release|Win32
		{1BF8FFF1-EA87-445B-8CFD-43B02B4E54FC}.Release|x86.Build.0 = Release|Win32
		{F50BB3D5-F30E-4E1A-A285-66152C9CEF4C}.Debug|x64.ActiveCfg = Debug|x64
		{F50BB3D5-F30E-4E1A-A285-66152C9CEF4C}.Debug|x64.Build.0 = Debug|x64
		{F50BB3D5-F30E-4E1A-A285-66152C9CEF4C}.Debug|x86.ActiveCfg = Debug|Win32
		{F50BB3D5-F30E-4E1A-A285-66152C9CEF4C}.Debug|x86.Build.0 = Debug|Win32
		{F50BB3D5-F30E-4E1A-A285-66152C9CEF4C}.Release|x64.ActiveCfg = Release|x64
		{F50BB3D5-F30E-4E1A-A285-66152C9CEF4C}.Release|x64.Build.0 = Release|x64
		{F50BB3D5-F30E-4E1A-A285-66152C9CEF4C}.Release|x86.ActiveCfg = Release|Win32
		{F50BB3D5-F30E-4E1A-A285-66152C9CEF4C}.Release|x86.Build.0 = Release|Win32
		{27503525-4FD9-48DD-9C88-9DE7B68B0C98}.Debug|x64.ActiveCfg = Debug|x64
		{27503525-4FD9-48DD-9C88-9DE7B68B0C98}.Debug|x64.Build.0 = Debug|x64
		{27503525-4FD9-48DD-9C88-9DE7B68B0C98}.Debug|x86.ActiveCfg = Debug|Win32
		{27503525-4FD9-48DD-9C88-9DE7B68B0C98}.Debug|x86.Build.0 = Debug|Win32
		{27503525-4FD9-48DD-9C88-9DE7B68B0C98}.Release|x64.ActiveCfg = Release|x64
		{27503525-4FD9-48DD-9C88-9DE7B68B0C98}.Release|x64.Build.0 = Release|x64
		{27503525-4FD9-48DD-9C88-9DE7B68B0C98}.Release|x86.ActiveCfg = Release|Win32
		{27503525-4FD9-48DD-9C88-9DE7B68B0C98}.Release|x86.Build.0 = Release|Win32
		{3A463F7E-FF1C-437C-A4B3-EDA0C30114A9}.Debug|x64.ActiveCfg = Debug|x64
		{3A463F7E-FF1C-437C-A4B3-EDA0C30114A9}.Debug|x64.Build.0 = Debug|x64
		{3A463F7E-FF1C-437C-A4B3-EDA0C30114A9}.Debug|x86.ActiveCfg = Debug|Win32
		{3A463F7E-FF1C-437C-A4B3-EDA0C30114A9}.Debug|x86.Build.0 = Debug|Win32
		{3A463F7E-FF1C-437C-A4B3-EDA0C30114A9}.Release|x64.ActiveCfg = Release|x64
		{3A463F7E-FF1C-437C-A4B3-EDA0C30114A9}.Release|x64.Build.0 = Release|x64
		{3A463F7E-FF1C-437C-A4B3-EDA0C30114A9}.Release|x86.ActiveCfg = Release|Win32
		{3A463F7E-FF1C-437C-A4B3-EDA0C30114A9}.Release|x86.Build.0 = Release|Win32
		{68AD58BF-6014-40F2-B777-6191EEDE63C1}.Debug|x64.ActiveCfg = Debug|x64
		{68AD58BF-6014-40F2-B777-6191EEDE63C1}.Debug|x64.Build.0 = Debug|x64
		{68AD58BF-6014-40F2-B777-6191EEDE63C1}.Debug|x86.ActiveCfg = Debug|Win32
		{68AD58BF-6014-40F2-B777-6191EEDE63C1}.Debug|x86.Build.0 = Debug|Win32
		{68AD58BF-6014-40F2-B777-6191EEDE63C1}.Release|x64.ActiveCfg = Release|x64
		{68AD58BF-6014-40F2-B777-6191EEDE63C1}.Release|x64.Build.0 = Release|x64
		{68AD58BF-6014-40F2-B777-6191EEDE63C1}.Release|x86.ActiveCfg = Release|Win32
		{68AD58BF-6014-40F2-B777-6191EEDE63C1}.Release|x86.Build.0 = Release|Win32
		{9F1BE6AF-5AA9-4786-9E9C-1BAAC180E4A3}.Debug|x64.ActiveCfg = Debug|x64
		{9F1BE6AF-5AA9-4786-9E9C-1BAAC180E4A3}.Debug|x64.Build.0 = Debug|x64
		{9F1BE6AF-5AA9-4786-9E9C-1BAAC180E4A3}.Debug|x86.ActiveCfg = Debug|Win32
		{9F1BE6AF-5AA9-4786-9E9C-1BAAC180E4A3}.Debug|x86.Build.0 = Debug|Win32
		{9F1BE6AF-5AA9-4786-9E9C-1BAAC180E4A3}.Release|x64.ActiveCfg = Release|x64
		{9F1BE6AF-5AA9-4786-9E9C-1BAAC180E4A3}.Release|x64.Build.0 = Release|x64
		{9F1BE6AF-5AA9-4786-9E9C-1BAAC180E4A3}.Release|x86.ActiveCfg = Release|Win32
		{9F1BE6AF-5AA9-4786-9E9C-1BAAC180E4A3}.Release|x86.Build.0 = Release|Win32
		{4F18CE24-B413-4FF3-BFF7-553FAA2AEB70}.Debug|x64.ActiveCfg = Debug|x64
		{4F18CE24-B413-4FF3-BFF7-553FAA2AEB70}.Debug|x64.Build.0 = Debug|x64
		{4F18CE24-B413-4FF3-BFF7-553FAA2AEB70}.Debug|x86.ActiveCfg = Debug|Win32
		{4F18CE24-B413-4FF3-BFF7-553FAA2AEB70}.Debug|x86.Build.0 = Debug|Win32
		{4F18CE24-B413-4FF3-BFF7-553FAA2AEB70}.Release|x64.ActiveCfg = Release|x64
		{4F18CE24-B413-4FF3-BFF7-553FAA2AEB70}.Release|x64.Build.0 = Release|x64
		{4F18CE24-B413-4FF3-BFF7-553FAA2AEB70}.Release|x86.ActiveCfg = Release|Win32
		{4F18CE24-B413-4FF3-BFF7-553FAA2AEB70}.Release|x86.Build.0 = Release|Win32
		{EE9FC664-C039-4838-AFA3-D484B80339B3}.Debug|x64.ActiveCfg = Debug|x64
		{EE9FC664-C039-4838-AFA3-D484B80339B3}.Debug|x64.Build.0 = Debug|x64
		{EE9FC664-C039-4838-AFA3-D484B80339B3}.Debug|x86.ActiveCfg = Debug|Win32
		{EE9FC664-C039-4838-AFA3-D484B80339B3}.Debug|x86.Build.0 = Debug|Win32
		{EE9FC664-C039-4838-AFA3-D484B80339B3}.Release|x64.ActiveCfg = Release|x64
		{EE9FC664-C039-4838-AFA3-D484B80339B3}.Release|x64.Build.0 = Release|x64
		{EE9FC664-C039-4838-AFA3-D484B80339B3}.Release|x86.ActiveCfg = Release|Win32
		{EE9FC664-C039-4838-AFA3-D484B80339B3}.Release|x86.Build.0 = Release|Win32
		{F8C25972-0B16-4777-A8A6-5B0B9D58BB4F}.Debug|x64.ActiveCfg = Debug|x64
		{F8C25972-0B16-4777-A8A6-5B0B9D58BB4F}.Debug|x64.Build.0 = Debug|x64
		{F8C25972-0B16-4777-A8A6-5B0B9D58BB4F}.Debug|x86.ActiveCfg = Debug|Win32
		{F8C25972-0B16-4777-A8A6-5B0B9D58BB4F}.Debug|x86.Build.0 = Debug|Win32
		{F8C25972-0B16-4777-A8A6-5B0B9D58BB4F}.Release|x64.ActiveCfg = Release|x64
		{F8C25972-0B16-4777-A8A6-5B0B9D58BB4F}.Release|x64.Build.0 = Release|x64
		{F8C25972-0B16-4777-A8A6-5B0B9D58BB4F}.Release|x86.ActiveCfg = Release|Win32
		{F8C25972-0B16-4777-A8A6-5B0B9D58BB4F}.Release|x86.Build.0 = Release|Win32
		{B66CA3B7-E788-48B9-96BB-3AE04E2DFBD1}.Debug|x64.ActiveCfg = Debug|x64
		{B66CA3B7-E788-48B9-96BB-3AE04E2DFBD1}.Debug|x64.Build.0 = Debug|x64
		{B66CA3B7-E788-48B9-96BB-3AE04E2DFBD1}.Debug|x86.ActiveCfg = Debug|Win32
		{B66CA3B7-E788-48B9-96BB-3AE04E2DFBD1}.Debug|x86.Build.0 = Debug|Win32
		{B66CA3B7-E788-48B9-96BB-3AE04E2DFBD1}.Release|x64.ActiveCfg = Release|x64
		{B66CA3B7-E788-48B9-96BB-3AE04E2DFBD1}.Release|x64.Build.0 = Release|x64
		{B66CA3B7-E788-48B9-96BB-3AE04E2DFBD1}.Release|x86.ActiveCfg = Release|Win32
		{B66CA3B7-E788-48B9-96BB-3AE04E2DFBD1}.Release|x86.Build.0 = Release|Win32
	EndGlobalSection
	GlobalSection(SolutionProperties) = preSolution
		HideSolutionNode = FALSE
	EndGlobalSection
EndGlobal
