<?xml version="1.0" encoding="utf-8"?>
<Project ToolsVersion="4.0" xmlns="http://schemas.microsoft.com/developer/msbuild/2003">
  <ItemGroup>
    <Filter Include="co\impl">
      <UniqueIdentifier>{C4A3948E-9C84-4C35-BE09-9F9E04D2F95B}</UniqueIdentifier>
    </Filter>
    <Filter Include="co">
      <UniqueIdentifier>{2C50D6A1-10D9-427B-9807-35AD79CD9117}</UniqueIdentifier>
    </Filter>
    <Filter Include="hash">
      <UniqueIdentifier>{7CDF531D-1E14-45F5-BD06-C31E2C210E69}</UniqueIdentifier>
    </Filter>
    <Filter Include="so">
      <UniqueIdentifier>{E04A2E16-8116-4430-9E09-BF1A414D90D8}</UniqueIdentifier>
    </Filter>
    <Filter Include="stack_trace">
      <UniqueIdentifier>{F1CA0457-0DC3-4D74-B9C3-321D6989B961}</UniqueIdentifier>
    </Filter>
    <Filter Include="unix">
      <UniqueIdentifier>{1782C146-F945-404E-9037-C70AD600D936}</UniqueIdentifier>
    </Filter>
    <Filter Include="win">
      <UniqueIdentifier>{80312DC0-020F-4807-A825-B2F2AA2F049B}</UniqueIdentifier>
    </Filter>
    <Filter Include="co\context">
      <UniqueIdentifier>{542D5B69-F505-4E3E-A5AD-266CEB2F8C0E}</UniqueIdentifier>
    </Filter>
  </ItemGroup>
  <ItemGroup>
    <ClCompile Include="..\..\..\src\co\impl\co.cc">
      <Filter>co\impl</Filter>
    </ClCompile>
    <ClCompile Include="..\..\..\src\co\impl\epoll.cc">
      <Filter>co\impl</Filter>
    </ClCompile>
    <ClCompile Include="..\..\..\src\co\impl\hook.cc">
      <Filter>co\impl</Filter>
    </ClCompile>
    <ClCompile Include="..\..\..\src\co\impl\scheduler.cc">
      <Filter>co\impl</Filter>
    </ClCompile>
    <ClCompile Include="..\..\..\src\co\impl\sock.cc">
      <Filter>co\impl</Filter>
    </ClCompile>
    <ClCompile Include="..\..\..\src\hash\base64.cc">
      <Filter>hash</Filter>
    </ClCompile>
    <ClCompile Include="..\..\..\src\hash\crc16.cc">
      <Filter>hash</Filter>
    </ClCompile>
    <ClCompile Include="..\..\..\src\hash\md5.cc">
      <Filter>hash</Filter>
    </ClCompile>
    <ClCompile Include="..\..\..\src\hash\murmur_hash.cc">
      <Filter>hash</Filter>
    </ClCompile>
    <ClCompile Include="..\..\..\src\so\http.cc">
      <Filter>so</Filter>
    </ClCompile>
    <ClCompile Include="..\..\..\src\so\rpc.cc">
      <Filter>so</Filter>
    </ClCompile>
    <ClCompile Include="..\..\..\src\so\tcp.cc">
      <Filter>so</Filter>
    </ClCompile>
    <ClCompile Include="..\..\..\src\stack_trace\stack_trace_unix.cc">
      <Filter>stack_trace</Filter>
    </ClCompile>
    <ClCompile Include="..\..\..\src\unix\fs.cc">
      <Filter>unix</Filter>
    </ClCompile>
    <ClCompile Include="..\..\..\src\unix\os.cc">
      <Filter>unix</Filter>
    </ClCompile>
    <ClCompile Include="..\..\..\src\unix\time.cc">
      <Filter>unix</Filter>
    </ClCompile>
    <ClCompile Include="..\..\..\src\co\impl\sock.cpp">
      <Filter>co\impl</Filter>
    </ClCompile>
    <ClCompile Include="..\..\..\src\stack_trace\StackWalker.cpp">
      <Filter>stack_trace</Filter>
    </ClCompile>
    <ClCompile Include="..\..\..\src\stack_trace\stack_trace_win.cpp">
      <Filter>stack_trace</Filter>
    </ClCompile>
    <ClCompile Include="..\..\..\src\win\fs.cpp">
      <Filter>win</Filter>
    </ClCompile>
    <ClCompile Include="..\..\..\src\win\os.cpp">
      <Filter>win</Filter>
    </ClCompile>
    <ClCompile Include="..\..\..\src\win\time.cpp">
      <Filter>win</Filter>
    </ClCompile>
    <CustomBuild Include="..\..\..\src\co\context\context_x86.asm">
      <Filter>co\context</Filter>
    </CustomBuild>
    <CustomBuild Include="..\..\..\src\co\context\context_x64.asm">
      <Filter>co\context</Filter>
    </CustomBuild>
  </ItemGroup>
  <ItemGroup>
  </ItemGroup>
</Project>
